
Microsoft Visual Studio Solution File, Format Version 12.00
# Visual Studio Version 17
VisualStudioVersion = 17.0.32126.317
MinimumVisualStudioVersion = 10.0.40219.1
Project("{FAE04EC0-301F-11D3-BF4B-00C04F79EFBC}") = "Folder", "Folder\Folder.csproj", "{09878AB8-374E-42CE-8A51-CB474284C99E}"
EndProject
Global
	GlobalSection(SolutionConfigurationPlatforms) = preSolution
		Debug|Any CPU = Debug|Any CPU
		Debug|x64 = Debug|x64
		Release|Any CPU = Release|Any CPU
		Release|x64 = Release|x64
	EndGlobalSection
	GlobalSection(ProjectConfigurationPlatforms) = postSolution
		{09878AB8-374E-42CE-8A51-CB474284C99E}.Debug|Any CPU.ActiveCfg = Debug|Any CPU
		{09878AB8-374E-42CE-8A51-CB474284C99E}.Debug|Any CPU.Build.0 = Debug|Any CPU
		{09878AB8-374E-42CE-8A51-CB474284C99E}.Debug|x64.ActiveCfg = Debug|x64
		{09878AB8-374E-42CE-8A51-CB474284C99E}.Debug|x64.Build.0 = Debug|x64
		{09878AB8-374E-42CE-8A51-CB474284C99E}.Release|Any CPU.ActiveCfg = Release|Any CPU
		{09878AB8-374E-42CE-8A51-CB474284C99E}.Release|Any CPU.Build.0 = Release|Any CPU
		{09878AB8-374E-42CE-8A51-CB474284C99E}.Release|x64.ActiveCfg = Release|x64
		{09878AB8-374E-42CE-8A51-CB474284C99E}.Release|x64.Build.0 = Release|x64
	EndGlobalSection
	GlobalSection(SolutionProperties) = preSolution
		HideSolutionNode = FALSE
	EndGlobalSection
	GlobalSection(ExtensibilityGlobals) = postSolution
		SolutionGuid = {2B7C8A4E-1BE4-4733-833B-8D5456697041}
	EndGlobalSection
EndGlobal
